
Microsoft Visual Studio Solution File, Format Version 12.00
# Visual Studio Version 16
VisualStudioVersion = 16.0.30907.101
MinimumVisualStudioVersion = 10.0.40219.1
Project("{FAE04EC0-301F-11D3-BF4B-00C04F79EFBC}") = "ChipGroup_GettingStarted.UWP", "ChipGroup_GettingStarted.UWP\ChipGroup_GettingStarted.UWP.csproj", "{7E73CF9A-B553-410C-A999-41F69A218A53}"
EndProject
Project("{FAE04EC0-301F-11D3-BF4B-00C04F79EFBC}") = "ChipGroup_GettingStarted.Android", "ChipGroup_GettingStarted.Android\ChipGroup_GettingStarted.Android.csproj", "{C59DD074-7803-462C-B173-A35CCCD1FED7}"
EndProject
Project("{FAE04EC0-301F-11D3-BF4B-00C04F79EFBC}") = "ChipGroup_GettingStarted.iOS", "ChipGroup_GettingStarted.iOS\ChipGroup_GettingStarted.iOS.csproj", "{9C639821-6A85-4C7F-A30F-ABF16744F7CE}"
EndProject
Project("{FAE04EC0-301F-11D3-BF4B-00C04F79EFBC}") = "ChipGroup_GettingStarted", "ChipGroup_GettingStarted\ChipGroup_GettingStarted.csproj", "{E2ED13D9-7120-4BDC-AAFC-6365D3B1B64D}"
EndProject
Global
	GlobalSection(SolutionConfigurationPlatforms) = preSolution
		Debug|Any CPU = Debug|Any CPU
		Debug|ARM = Debug|ARM
		Debug|iPhone = Debug|iPhone
		Debug|iPhoneSimulator = Debug|iPhoneSimulator
		Debug|x64 = Debug|x64
		Debug|x86 = Debug|x86
		Release|Any CPU = Release|Any CPU
		Release|ARM = Release|ARM
		Release|iPhone = Release|iPhone
		Release|iPhoneSimulator = Release|iPhoneSimulator
		Release|x64 = Release|x64
		Release|x86 = Release|x86
	EndGlobalSection
	GlobalSection(ProjectConfigurationPlatforms) = postSolution
		{7E73CF9A-B553-410C-A999-41F69A218A53}.Debug|Any CPU.ActiveCfg = Debug|x86
		{7E73CF9A-B553-410C-A999-41F69A218A53}.Debug|Any CPU.Build.0 = Debug|x86
		{7E73CF9A-B553-410C-A999-41F69A218A53}.Debug|Any CPU.Deploy.0 = Debug|x86
		{7E73CF9A-B553-410C-A999-41F69A218A53}.Debug|ARM.ActiveCfg = Debug|ARM
		{7E73CF9A-B553-410C-A999-41F69A218A53}.Debug|ARM.Build.0 = Debug|ARM
		{7E73CF9A-B553-410C-A999-41F69A218A53}.Debug|ARM.Deploy.0 = Debug|ARM
		{7E73CF9A-B553-410C-A999-41F69A218A53}.Debug|iPhone.ActiveCfg = Debug|x86
		{7E73CF9A-B553-410C-A999-41F69A218A53}.Debug|iPhone.Build.0 = Debug|x86
		{7E73CF9A-B553-410C-A999-41F69A218A53}.Debug|iPhone.Deploy.0 = Debug|x86
		{7E73CF9A-B553-410C-A999-41F69A218A53}.Debug|iPhoneSimulator.ActiveCfg = Debug|x86
		{7E73CF9A-B553-410C-A999-41F69A218A53}.Debug|iPhoneSimulator.Build.0 = Debug|x86
		{7E73CF9A-B553-410C-A999-41F69A218A53}.Debug|iPhoneSimulator.Deploy.0 = Debug|x86
		{7E73CF9A-B553-410C-A999-41F69A218A53}.Debug|x64.ActiveCfg = Debug|x64
		{7E73CF9A-B553-410C-A999-41F69A218A53}.Debug|x64.Build.0 = Debug|x64
		{7E73CF9A-B553-410C-A999-41F69A218A53}.Debug|x64.Deploy.0 = Debug|x64
		{7E73CF9A-B553-410C-A999-41F69A218A53}.Debug|x86.ActiveCfg = Debug|x86
		{7E73CF9A-B553-410C-A999-41F69A218A53}.Debug|x86.Build.0 = Debug|x86
		{7E73CF9A-B553-410C-A999-41F69A218A53}.Debug|x86.Deploy.0 = Debug|x86
		{7E73CF9A-B553-410C-A999-41F69A218A53}.Release|Any CPU.ActiveCfg = Release|x86
		{7E73CF9A-B553-410C-A999-41F69A218A53}.Release|Any CPU.Build.0 = Release|x86
		{7E73CF9A-B553-410C-A999-41F69A218A53}.Release|Any CPU.Deploy.0 = Release|x86
		{7E73CF9A-B553-410C-A999-41F69A218A53}.Release|ARM.ActiveCfg = Release|ARM
		{7E73CF9A-B553-410C-A999-41F69A218A53}.Release|ARM.Build.0 = Release|ARM
		{7E73CF9A-B553-410C-A999-41F69A218A53}.Release|ARM.Deploy.0 = Release|ARM
		{7E73CF9A-B553-410C-A999-41F69A218A53}.Release|iPhone.ActiveCfg = Release|x86
		{7E73CF9A-B553-410C-A999-41F69A218A53}.Release|iPhone.Build.0 = Release|x86
		{7E73CF9A-B553-410C-A999-41F69A218A53}.Release|iPhone.Deploy.0 = Release|x86
		{7E73CF9A-B553-410C-A999-41F69A218A53}.Release|iPhoneSimulator.ActiveCfg = Release|x86
		{7E73CF9A-B553-410C-A999-41F69A218A53}.Release|iPhoneSimulator.Build.0 = Release|x86
		{7E73CF9A-B553-410C-A999-41F69A218A53}.Release|iPhoneSimulator.Deploy.0 = Release|x86
		{7E73CF9A-B553-410C-A999-41F69A218A53}.Release|x64.ActiveCfg = Release|x64
		{7E73CF9A-B553-410C-A999-41F69A218A53}.Release|x64.Build.0 = Release|x64
		{7E73CF9A-B553-410C-A999-41F69A218A53}.Release|x64.Deploy.0 = Release|x64
		{7E73CF9A-B553-410C-A999-41F69A218A53}.Release|x86.ActiveCfg = Release|x86
		{7E73CF9A-B553-410C-A999-41F69A218A53}.Release|x86.Build.0 = Release|x86
		{7E73CF9A-B553-410C-A999-41F69A218A53}.Release|x86.Deploy.0 = Release|x86
		{C59DD074-7803-462C-B173-A35CCCD1FED7}.Debug|Any CPU.ActiveCfg = Debug|Any CPU
		{C59DD074-7803-462C-B173-A35CCCD1FED7}.Debug|Any CPU.Build.0 = Debug|Any CPU
		{C59DD074-7803-462C-B173-A35CCCD1FED7}.Debug|Any CPU.Deploy.0 = Debug|Any CPU
		{C59DD074-7803-462C-B173-A35CCCD1FED7}.Debug|ARM.ActiveCfg = Debug|Any CPU
		{C59DD074-7803-462C-B173-A35CCCD1FED7}.Debug|ARM.Build.0 = Debug|Any CPU
		{C59DD074-7803-462C-B173-A35CCCD1FED7}.Debug|ARM.Deploy.0 = Debug|Any CPU
		{C59DD074-7803-462C-B173-A35CCCD1FED7}.Debug|iPhone.ActiveCfg = Debug|Any CPU
		{C59DD074-7803-462C-B173-A35CCCD1FED7}.Debug|iPhone.Build.0 = Debug|Any CPU
		{C59DD074-7803-462C-B173-A35CCCD1FED7}.Debug|iPhone.Deploy.0 = Debug|Any CPU
		{C59DD074-7803-462C-B173-A35CCCD1FED7}.Debug|iPhoneSimulator.ActiveCfg = Debug|Any CPU
		{C59DD074-7803-462C-B173-A35CCCD1FED7}.Debug|iPhoneSimulator.Build.0 = Debug|Any CPU
		{C59DD074-7803-462C-B173-A35CCCD1FED7}.Debug|iPhoneSimulator.Deploy.0 = Debug|Any CPU
		{C59DD074-7803-462C-B173-A35CCCD1FED7}.Debug|x64.ActiveCfg = Debug|Any CPU
		{C59DD074-7803-462C-B173-A35CCCD1FED7}.Debug|x64.Build.0 = Debug|Any CPU
		{C59DD074-7803-462C-B173-A35CCCD1FED7}.Debug|x64.Deploy.0 = Debug|Any CPU
		{C59DD074-7803-462C-B173-A35CCCD1FED7}.Debug|x86.ActiveCfg = Debug|Any CPU
		{C59DD074-7803-462C-B173-A35CCCD1FED7}.Debug|x86.Build.0 = Debug|Any CPU
		{C59DD074-7803-462C-B173-A35CCCD1FED7}.Debug|x86.Deploy.0 = Debug|Any CPU
		{C59DD074-7803-462C-B173-A35CCCD1FED7}.Release|Any CPU.ActiveCfg = Release|Any CPU
		{C59DD074-7803-462C-B173-A35CCCD1FED7}.Release|Any CPU.Build.0 = Release|Any CPU
		{C59DD074-7803-462C-B173-A35CCCD1FED7}.Release|Any CPU.Deploy.0 = Release|Any CPU
		{C59DD074-7803-462C-B173-A35CCCD1FED7}.Release|ARM.ActiveCfg = Release|Any CPU
		{C59DD074-7803-462C-B173-A35CCCD1FED7}.Release|ARM.Build.0 = Release|Any CPU
		{C59DD074-7803-462C-B173-A35CCCD1FED7}.Release|ARM.Deploy.0 = Release|Any CPU
		{C59DD074-7803-462C-B173-A35CCCD1FED7}.Release|iPhone.ActiveCfg = Release|Any CPU
		{C59DD074-7803-462C-B173-A35CCCD1FED7}.Release|iPhone.Build.0 = Release|Any CPU
		{C59DD074-7803-462C-B173-A35CCCD1FED7}.Release|iPhone.Deploy.0 = Release|Any CPU
		{C59DD074-7803-462C-B173-A35CCCD1FED7}.Release|iPhoneSimulator.ActiveCfg = Release|Any CPU
		{C59DD074-7803-462C-B173-A35CCCD1FED7}.Release|iPhoneSimulator.Build.0 = Release|Any CPU
		{C59DD074-7803-462C-B173-A35CCCD1FED7}.Release|iPhoneSimulator.Deploy.0 = Release|Any CPU
		{C59DD074-7803-462C-B173-A35CCCD1FED7}.Release|x64.ActiveCfg = Release|Any CPU
		{C59DD074-7803-462C-B173-A35CCCD1FED7}.Release|x64.Build.0 = Release|Any CPU
		{C59DD074-7803-462C-B173-A35CCCD1FED7}.Release|x64.Deploy.0 = Release|Any CPU
		{C59DD074-7803-462C-B173-A35CCCD1FED7}.Release|x86.ActiveCfg = Release|Any CPU
		{C59DD074-7803-462C-B173-A35CCCD1FED7}.Release|x86.Build.0 = Release|Any CPU
		{C59DD074-7803-462C-B173-A35CCCD1FED7}.Release|x86.Deploy.0 = Release|Any CPU
		{9C639821-6A85-4C7F-A30F-ABF16744F7CE}.Debug|Any CPU.ActiveCfg = Debug|iPhoneSimulator
		{9C639821-6A85-4C7F-A30F-ABF16744F7CE}.Debug|Any CPU.Build.0 = Debug|iPhoneSimulator
		{9C639821-6A85-4C7F-A30F-ABF16744F7CE}.Debug|Any CPU.Deploy.0 = Debug|iPhoneSimulator
		{9C639821-6A85-4C7F-A30F-ABF16744F7CE}.Debug|ARM.ActiveCfg = Debug|iPhone
		{9C639821-6A85-4C7F-A30F-ABF16744F7CE}.Debug|ARM.Build.0 = Debug|iPhone
		{9C639821-6A85-4C7F-A30F-ABF16744F7CE}.Debug|ARM.Deploy.0 = Debug|iPhone
		{9C639821-6A85-4C7F-A30F-ABF16744F7CE}.Debug|iPhone.ActiveCfg = Debug|iPhone
		{9C639821-6A85-4C7F-A30F-ABF16744F7CE}.Debug|iPhone.Build.0 = Debug|iPhone
		{9C639821-6A85-4C7F-A30F-ABF16744F7CE}.Debug|iPhone.Deploy.0 = Debug|iPhone
		{9C639821-6A85-4C7F-A30F-ABF16744F7CE}.Debug|iPhoneSimulator.ActiveCfg = Debug|iPhoneSimulator
		{9C639821-6A85-4C7F-A30F-ABF16744F7CE}.Debug|iPhoneSimulator.Build.0 = Debug|iPhoneSimulator
		{9C639821-6A85-4C7F-A30F-ABF16744F7CE}.Debug|iPhoneSimulator.Deploy.0 = Debug|iPhoneSimulator
		{9C639821-6A85-4C7F-A30F-ABF16744F7CE}.Debug|x64.ActiveCfg = Debug|iPhoneSimulator
		{9C639821-6A85-4C7F-A30F-ABF16744F7CE}.Debug|x64.Build.0 = Debug|iPhoneSimulator
		{9C639821-6A85-4C7F-A30F-ABF16744F7CE}.Debug|x64.Deploy.0 = Debug|iPhoneSimulator
		{9C639821-6A85-4C7F-A30F-ABF16744F7CE}.Debug|x86.ActiveCfg = Debug|iPhoneSimulator
		{9C639821-6A85-4C7F-A30F-ABF16744F7CE}.Debug|x86.Build.0 = Debug|iPhoneSimulator
		{9C639821-6A85-4C7F-A30F-ABF16744F7CE}.Debug|x86.Deploy.0 = Debug|iPhoneSimulator
		{9C639821-6A85-4C7F-A30F-ABF16744F7CE}.Release|Any CPU.ActiveCfg = Release|iPhoneSimulator
		{9C639821-6A85-4C7F-A30F-ABF16744F7CE}.Release|Any CPU.Build.0 = Release|iPhoneSimulator
		{9C639821-6A85-4C7F-A30F-ABF16744F7CE}.Release|Any CPU.Deploy.0 = Release|iPhoneSimulator
		{9C639821-6A85-4C7F-A30F-ABF16744F7CE}.Release|ARM.ActiveCfg = Release|iPhoneSimulator
		{9C639821-6A85-4C7F-A30F-ABF16744F7CE}.Release|ARM.Build.0 = Release|iPhoneSimulator
		{9C639821-6A85-4C7F-A30F-ABF16744F7CE}.Release|ARM.Deploy.0 = Release|iPhoneSimulator
		{9C639821-6A85-4C7F-A30F-ABF16744F7CE}.Release|iPhone.ActiveCfg = Release|iPhone
		{9C639821-6A85-4C7F-A30F-ABF16744F7CE}.Release|iPhone.Build.0 = Release|iPhone
		{9C639821-6A85-4C7F-A30F-ABF16744F7CE}.Release|iPhone.Deploy.0 = Release|iPhone
		{9C639821-6A85-4C7F-A30F-ABF16744F7CE}.Release|iPhoneSimulator.ActiveCfg = Release|iPhoneSimulator
		{9C639821-6A85-4C7F-A30F-ABF16744F7CE}.Release|iPhoneSimulator.Build.0 = Release|iPhoneSimulator
		{9C639821-6A85-4C7F-A30F-ABF16744F7CE}.Release|iPhoneSimulator.Deploy.0 = Release|iPhoneSimulator
		{9C639821-6A85-4C7F-A30F-ABF16744F7CE}.Release|x64.ActiveCfg = Release|iPhoneSimulator
		{9C639821-6A85-4C7F-A30F-ABF16744F7CE}.Release|x64.Build.0 = Release|iPhoneSimulator
		{9C639821-6A85-4C7F-A30F-ABF16744F7CE}.Release|x64.Deploy.0 = Release|iPhoneSimulator
		{9C639821-6A85-4C7F-A30F-ABF16744F7CE}.Release|x86.ActiveCfg = Release|iPhoneSimulator
		{9C639821-6A85-4C7F-A30F-ABF16744F7CE}.Release|x86.Build.0 = Release|iPhoneSimulator
		{9C639821-6A85-4C7F-A30F-ABF16744F7CE}.Release|x86.Deploy.0 = Release|iPhoneSimulator
		{E2ED13D9-7120-4BDC-AAFC-6365D3B1B64D}.Debug|Any CPU.ActiveCfg = Debug|Any CPU
		{E2ED13D9-7120-4BDC-AAFC-6365D3B1B64D}.Debug|Any CPU.Build.0 = Debug|Any CPU
		{E2ED13D9-7120-4BDC-AAFC-6365D3B1B64D}.Debug|Any CPU.Deploy.0 = Debug|Any CPU
		{E2ED13D9-7120-4BDC-AAFC-6365D3B1B64D}.Debug|ARM.ActiveCfg = Debug|Any CPU
		{E2ED13D9-7120-4BDC-AAFC-6365D3B1B64D}.Debug|ARM.Build.0 = Debug|Any CPU
		{E2ED13D9-7120-4BDC-AAFC-6365D3B1B64D}.Debug|ARM.Deploy.0 = Debug|Any CPU
		{E2ED13D9-7120-4BDC-AAFC-6365D3B1B64D}.Debug|iPhone.ActiveCfg = Debug|Any CPU
		{E2ED13D9-7120-4BDC-AAFC-6365D3B1B64D}.Debug|iPhone.Build.0 = Debug|Any CPU
		{E2ED13D9-7120-4BDC-AAFC-6365D3B1B64D}.Debug|iPhone.Deploy.0 = Debug|Any CPU
		{E2ED13D9-7120-4BDC-AAFC-6365D3B1B64D}.Debug|iPhoneSimulator.ActiveCfg = Debug|Any CPU
		{E2ED13D9-7120-4BDC-AAFC-6365D3B1B64D}.Debug|iPhoneSimulator.Build.0 = Debug|Any CPU
		{E2ED13D9-7120-4BDC-AAFC-6365D3B1B64D}.Debug|iPhoneSimulator.Deploy.0 = Debug|Any CPU
		{E2ED13D9-7120-4BDC-AAFC-6365D3B1B64D}.Debug|x64.ActiveCfg = Debug|Any CPU
		{E2ED13D9-7120-4BDC-AAFC-6365D3B1B64D}.Debug|x64.Build.0 = Debug|Any CPU
		{E2ED13D9-7120-4BDC-AAFC-6365D3B1B64D}.Debug|x64.Deploy.0 = Debug|Any CPU
		{E2ED13D9-7120-4BDC-AAFC-6365D3B1B64D}.Debug|x86.ActiveCfg = Debug|Any CPU
		{E2ED13D9-7120-4BDC-AAFC-6365D3B1B64D}.Debug|x86.Build.0 = Debug|Any CPU
		{E2ED13D9-7120-4BDC-AAFC-6365D3B1B64D}.Debug|x86.Deploy.0 = Debug|Any CPU
		{E2ED13D9-7120-4BDC-AAFC-6365D3B1B64D}.Release|Any CPU.ActiveCfg = Release|Any CPU
		{E2ED13D9-7120-4BDC-AAFC-6365D3B1B64D}.Release|Any CPU.Build.0 = Release|Any CPU
		{E2ED13D9-7120-4BDC-AAFC-6365D3B1B64D}.Release|Any CPU.Deploy.0 = Release|Any CPU
		{E2ED13D9-7120-4BDC-AAFC-6365D3B1B64D}.Release|ARM.ActiveCfg = Release|Any CPU
		{E2ED13D9-7120-4BDC-AAFC-6365D3B1B64D}.Release|ARM.Build.0 = Release|Any CPU
		{E2ED13D9-7120-4BDC-AAFC-6365D3B1B64D}.Release|ARM.Deploy.0 = Release|Any CPU
		{E2ED13D9-7120-4BDC-AAFC-6365D3B1B64D}.Release|iPhone.ActiveCfg = Release|Any CPU
		{E2ED13D9-7120-4BDC-AAFC-6365D3B1B64D}.Release|iPhone.Build.0 = Release|Any CPU
		{E2ED13D9-7120-4BDC-AAFC-6365D3B1B64D}.Release|iPhone.Deploy.0 = Release|Any CPU
		{E2ED13D9-7120-4BDC-AAFC-6365D3B1B64D}.Release|iPhoneSimulator.ActiveCfg = Release|Any CPU
		{E2ED13D9-7120-4BDC-AAFC-6365D3B1B64D}.Release|iPhoneSimulator.Build.0 = Release|Any CPU
		{E2ED13D9-7120-4BDC-AAFC-6365D3B1B64D}.Release|iPhoneSimulator.Deploy.0 = Release|Any CPU
		{E2ED13D9-7120-4BDC-AAFC-6365D3B1B64D}.Release|x64.ActiveCfg = Release|Any CPU
		{E2ED13D9-7120-4BDC-AAFC-6365D3B1B64D}.Release|x64.Build.0 = Release|Any CPU
		{E2ED13D9-7120-4BDC-AAFC-6365D3B1B64D}.Release|x64.Deploy.0 = Release|Any CPU
		{E2ED13D9-7120-4BDC-AAFC-6365D3B1B64D}.Release|x86.ActiveCfg = Release|Any CPU
		{E2ED13D9-7120-4BDC-AAFC-6365D3B1B64D}.Release|x86.Build.0 = Release|Any CPU
		{E2ED13D9-7120-4BDC-AAFC-6365D3B1B64D}.Release|x86.Deploy.0 = Release|Any CPU
	EndGlobalSection
	GlobalSection(SolutionProperties) = preSolution
		HideSolutionNode = FALSE
	EndGlobalSection
	GlobalSection(ExtensibilityGlobals) = postSolution
		SolutionGuid = {76A07FA9-60CE-4E4C-A15E-8A021D160198}
	EndGlobalSection
EndGlobal
